
Microsoft Visual Studio Solution File, Format Version 12.00
# Visual Studio Version 17
VisualStudioVersion = 17.14.36221.1 d17.14
MinimumVisualStudioVersion = 10.0.40219.1
Project("{FAE04EC0-301F-11D3-BF4B-00C04F79EFBC}") = "ZXNTCount", "ZXNCount\ZXNTCount.csproj", "{9A9CA277-62CB-52E0-C824-D35650A0A324}"
EndProject
Global
	GlobalSection(SolutionConfigurationPlatforms) = preSolution
		Debug|Any CPU = Debug|Any CPU
		Release|Any CPU = Release|Any CPU
	EndGlobalSection
	GlobalSection(ProjectConfigurationPlatforms) = postSolution
		{9A9CA277-62CB-52E0-C824-D35650A0A324}.Debug|Any CPU.ActiveCfg = Debug|Any CPU
		{9A9CA277-62CB-52E0-C824-D35650A0A324}.Debug|Any CPU.Build.0 = Debug|Any CPU
		{9A9CA277-62CB-52E0-C824-D35650A0A324}.Release|Any CPU.ActiveCfg = Release|Any CPU
		{9A9CA277-62CB-52E0-C824-D35650A0A324}.Release|Any CPU.Build.0 = Release|Any CPU
	EndGlobalSection
	GlobalSection(SolutionProperties) = preSolution
		HideSolutionNode = FALSE
	EndGlobalSection
	GlobalSection(ExtensibilityGlobals) = postSolution
		SolutionGuid = {6366300A-F20C-49E7-B3F2-900F839951BE}
	EndGlobalSection
EndGlobal
