
Microsoft Visual Studio Solution File, Format Version 12.00
# Visual Studio 15
VisualStudioVersion = 15.0.28307.1585
MinimumVisualStudioVersion = 10.0.40219.1
Project("{FAE04EC0-301F-11D3-BF4B-00C04F79EFBC}") = "ZXNTCount", "ZXNTCount.csproj", "{77C50CE9-D171-4394-A55E-D5FB944E5285}"
EndProject
Global
	GlobalSection(SolutionConfigurationPlatforms) = preSolution
		Debug|Any CPU = Debug|Any CPU
		Release|Any CPU = Release|Any CPU
	EndGlobalSection
	GlobalSection(ProjectConfigurationPlatforms) = postSolution
		{77C50CE9-D171-4394-A55E-D5FB944E5285}.Debug|Any CPU.ActiveCfg = Debug|Any CPU
		{77C50CE9-D171-4394-A55E-D5FB944E5285}.Debug|Any CPU.Build.0 = Debug|Any CPU
		{77C50CE9-D171-4394-A55E-D5FB944E5285}.Release|Any CPU.ActiveCfg = Release|Any CPU
		{77C50CE9-D171-4394-A55E-D5FB944E5285}.Release|Any CPU.Build.0 = Release|Any CPU
	EndGlobalSection
	GlobalSection(SolutionProperties) = preSolution
		HideSolutionNode = FALSE
	EndGlobalSection
	GlobalSection(ExtensibilityGlobals) = postSolution
		SolutionGuid = {6366300A-F20C-49E7-B3F2-900F839951BE}
	EndGlobalSection
EndGlobal
